// !$*UTF8*$!
{
	archiveVersion = 1;
	classes = {
	};
	objectVersion = 56;
	objects = {

/* Begin PBXBuildFile section */
		A732758C2951AD29001173C9 /* DemoSwiftUiApp.swift in Sources */ = {isa = PBXBuildFile; fileRef = A732758B2951AD29001173C9 /* DemoSwiftUiApp.swift */; };
		A732758E2951AD29001173C9 /* ContentView.swift in Sources */ = {isa = PBXBuildFile; fileRef = A732758D2951AD29001173C9 /* ContentView.swift */; };
		A73275902951AD2A001173C9 /* Assets.xcassets in Resources */ = {isa = PBXBuildFile; fileRef = A732758F2951AD2A001173C9 /* Assets.xcassets */; };
		A73275932951AD2A001173C9 /* Preview Assets.xcassets in Resources */ = {isa = PBXBuildFile; fileRef = A73275922951AD2A001173C9 /* Preview Assets.xcassets */; };
		A732759A295217D1001173C9 /* TextViewDemo.swift in Sources */ = {isa = PBXBuildFile; fileRef = A7327599295217D1001173C9 /* TextViewDemo.swift */; };
		A732759C29522C34001173C9 /* ShapesDemo.swift in Sources */ = {isa = PBXBuildFile; fileRef = A732759B29522C34001173C9 /* ShapesDemo.swift */; };
		A7425B8429537182009CB9AB /* StacksDemo.swift in Sources */ = {isa = PBXBuildFile; fileRef = A7425B8329537182009CB9AB /* StacksDemo.swift */; };
		A7425B8629537A44009CB9AB /* IconDemo.swift in Sources */ = {isa = PBXBuildFile; fileRef = A7425B8529537A44009CB9AB /* IconDemo.swift */; };
		A7425B8829584FA8009CB9AB /* ForEachDemo.swift in Sources */ = {isa = PBXBuildFile; fileRef = A7425B8729584FA8009CB9AB /* ForEachDemo.swift */; };
		A7425B8A2958B328009CB9AB /* Scroll ViewDemo.swift in Sources */ = {isa = PBXBuildFile; fileRef = A7425B892958B328009CB9AB /* Scroll ViewDemo.swift */; };
		A7425B8C2958BD5C009CB9AB /* ButtonDemo.swift in Sources */ = {isa = PBXBuildFile; fileRef = A7425B8B2958BD5C009CB9AB /* ButtonDemo.swift */; };
		A7425B8E2958C8AB009CB9AB /* OtherDemo.swift in Sources */ = {isa = PBXBuildFile; fileRef = A7425B8D2958C8AB009CB9AB /* OtherDemo.swift */; };
		A7425B902959C730009CB9AB /* DemoBasci.swift in Sources */ = {isa = PBXBuildFile; fileRef = A7425B8F2959C730009CB9AB /* DemoBasci.swift */; };
/* End PBXBuildFile section */

/* Begin PBXFileReference section */
		A73275882951AD29001173C9 /* DemoSwiftUi.app */ = {isa = PBXFileReference; explicitFileType = wrapper.application; includeInIndex = 0; path = DemoSwiftUi.app; sourceTree = BUILT_PRODUCTS_DIR; };
		A732758B2951AD29001173C9 /* DemoSwiftUiApp.swift */ = {isa = PBXFileReference; lastKnownFileType = sourcecode.swift; path = DemoSwiftUiApp.swift; sourceTree = "<group>"; };
		A732758D2951AD29001173C9 /* ContentView.swift */ = {isa = PBXFileReference; lastKnownFileType = sourcecode.swift; path = ContentView.swift; sourceTree = "<group>"; };
		A732758F2951AD2A001173C9 /* Assets.xcassets */ = {isa = PBXFileReference; lastKnownFileType = folder.assetcatalog; path = Assets.xcassets; sourceTree = "<group>"; };
		A73275922951AD2A001173C9 /* Preview Assets.xcassets */ = {isa = PBXFileReference; lastKnownFileType = folder.assetcatalog; path = "Preview Assets.xcassets"; sourceTree = "<group>"; };
		A7327599295217D1001173C9 /* TextViewDemo.swift */ = {isa = PBXFileReference; lastKnownFileType = sourcecode.swift; path = TextViewDemo.swift; sourceTree = "<group>"; };
		A732759B29522C34001173C9 /* ShapesDemo.swift */ = {isa = PBXFileReference; lastKnownFileType = sourcecode.swift; path = ShapesDemo.swift; sourceTree = "<group>"; };
		A7425B8329537182009CB9AB /* StacksDemo.swift */ = {isa = PBXFileReference; lastKnownFileType = sourcecode.swift; path = StacksDemo.swift; sourceTree = "<group>"; };
		A7425B8529537A44009CB9AB /* IconDemo.swift */ = {isa = PBXFileReference; lastKnownFileType = sourcecode.swift; path = IconDemo.swift; sourceTree = "<group>"; };
		A7425B8729584FA8009CB9AB /* ForEachDemo.swift */ = {isa = PBXFileReference; lastKnownFileType = sourcecode.swift; path = ForEachDemo.swift; sourceTree = "<group>"; };
		A7425B892958B328009CB9AB /* Scroll ViewDemo.swift */ = {isa = PBXFileReference; lastKnownFileType = sourcecode.swift; path = "Scroll ViewDemo.swift"; sourceTree = "<group>"; };
		A7425B8B2958BD5C009CB9AB /* ButtonDemo.swift */ = {isa = PBXFileReference; lastKnownFileType = sourcecode.swift; path = ButtonDemo.swift; sourceTree = "<group>"; };
		A7425B8D2958C8AB009CB9AB /* OtherDemo.swift */ = {isa = PBXFileReference; lastKnownFileType = sourcecode.swift; path = OtherDemo.swift; sourceTree = "<group>"; };
		A7425B8F2959C730009CB9AB /* DemoBasci.swift */ = {isa = PBXFileReference; lastKnownFileType = sourcecode.swift; path = DemoBasci.swift; sourceTree = "<group>"; };
/* End PBXFileReference section */

/* Begin PBXFrameworksBuildPhase section */
		A73275852951AD29001173C9 /* Frameworks */ = {
			isa = PBXFrameworksBuildPhase;
			buildActionMask = 2147483647;
			files = (
			);
			runOnlyForDeploymentPostprocessing = 0;
		};
/* End PBXFrameworksBuildPhase section */

/* Begin PBXGroup section */
		A732757F2951AD29001173C9 = {
			isa = PBXGroup;
			children = (
				A732758A2951AD29001173C9 /* DemoSwiftUi */,
				A73275892951AD29001173C9 /* Products */,
			);
			sourceTree = "<group>";
		};
		A73275892951AD29001173C9 /* Products */ = {
			isa = PBXGroup;
			children = (
				A73275882951AD29001173C9 /* DemoSwiftUi.app */,
			);
			name = Products;
			sourceTree = "<group>";
		};
		A732758A2951AD29001173C9 /* DemoSwiftUi */ = {
			isa = PBXGroup;
			children = (
				A732758B2951AD29001173C9 /* DemoSwiftUiApp.swift */,
				A732759B29522C34001173C9 /* ShapesDemo.swift */,
				A732758D2951AD29001173C9 /* ContentView.swift */,
				A732758F2951AD2A001173C9 /* Assets.xcassets */,
				A73275912951AD2A001173C9 /* Preview Content */,
				A7327599295217D1001173C9 /* TextViewDemo.swift */,
				A7425B8329537182009CB9AB /* StacksDemo.swift */,
				A7425B8529537A44009CB9AB /* IconDemo.swift */,
				A7425B8729584FA8009CB9AB /* ForEachDemo.swift */,
				A7425B892958B328009CB9AB /* Scroll ViewDemo.swift */,
				A7425B8B2958BD5C009CB9AB /* ButtonDemo.swift */,
				A7425B8D2958C8AB009CB9AB /* OtherDemo.swift */,
				A7425B8F2959C730009CB9AB /* DemoBasci.swift */,
			);
			path = DemoSwiftUi;
			sourceTree = "<group>";
		};
		A73275912951AD2A001173C9 /* Preview Content */ = {
			isa = PBXGroup;
			children = (
				A73275922951AD2A001173C9 /* Preview Assets.xcassets */,
			);
			path = "Preview Content";
			sourceTree = "<group>";
		};
/* End PBXGroup section */

/* Begin PBXNativeTarget section */
		A73275872951AD29001173C9 /* DemoSwiftUi */ = {
			isa = PBXNativeTarget;
			buildConfigurationList = A73275962951AD2A001173C9 /* Build configuration list for PBXNativeTarget "DemoSwiftUi" */;
			buildPhases = (
				A73275842951AD29001173C9 /* Sources */,
				A73275852951AD29001173C9 /* Frameworks */,
				A73275862951AD29001173C9 /* Resources */,
			);
			buildRules = (
			);
			dependencies = (
			);
			name = DemoSwiftUi;
			productName = DemoSwiftUi;
			productReference = A73275882951AD29001173C9 /* DemoSwiftUi.app */;
			productType = "com.apple.product-type.application";
		};
/* End PBXNativeTarget section */

/* Begin PBXProject section */
		A73275802951AD29001173C9 /* Project object */ = {
			isa = PBXProject;
			attributes = {
				BuildIndependentTargetsInParallel = 1;
				LastSwiftUpdateCheck = 1400;
				LastUpgradeCheck = 1400;
				TargetAttributes = {
					A73275872951AD29001173C9 = {
						CreatedOnToolsVersion = 14.0.1;
					};
				};
			};
			buildConfigurationList = A73275832951AD29001173C9 /* Build configuration list for PBXProject "DemoSwiftUi" */;
			compatibilityVersion = "Xcode 14.0";
			developmentRegion = en;
			hasScannedForEncodings = 0;
			knownRegions = (
				en,
				Base,
			);
			mainGroup = A732757F2951AD29001173C9;
			productRefGroup = A73275892951AD29001173C9 /* Products */;
			projectDirPath = "";
			projectRoot = "";
			targets = (
				A73275872951AD29001173C9 /* DemoSwiftUi */,
			);
		};
/* End PBXProject section */

/* Begin PBXResourcesBuildPhase section */
		A73275862951AD29001173C9 /* Resources */ = {
			isa = PBXResourcesBuildPhase;
			buildActionMask = 2147483647;
			files = (
				A73275932951AD2A001173C9 /* Preview Assets.xcassets in Resources */,
				A73275902951AD2A001173C9 /* Assets.xcassets in Resources */,
			);
			runOnlyForDeploymentPostprocessing = 0;
		};
/* End PBXResourcesBuildPhase section */

/* Begin PBXSourcesBuildPhase section */
		A73275842951AD29001173C9 /* Sources */ = {
			isa = PBXSourcesBuildPhase;
			buildActionMask = 2147483647;
			files = (
				A732759C29522C34001173C9 /* ShapesDemo.swift in Sources */,
				A7425B902959C730009CB9AB /* DemoBasci.swift in Sources */,
				A732758E2951AD29001173C9 /* ContentView.swift in Sources */,
				A7425B8829584FA8009CB9AB /* ForEachDemo.swift in Sources */,
				A7425B8429537182009CB9AB /* StacksDemo.swift in Sources */,
				A732758C2951AD29001173C9 /* DemoSwiftUiApp.swift in Sources */,
				A7425B8E2958C8AB009CB9AB /* OtherDemo.swift in Sources */,
				A7425B8C2958BD5C009CB9AB /* ButtonDemo.swift in Sources */,
				A732759A295217D1001173C9 /* TextViewDemo.swift in Sources */,
				A7425B8629537A44009CB9AB /* IconDemo.swift in Sources */,
				A7425B8A2958B328009CB9AB /* Scroll ViewDemo.swift in Sources */,
			);
			runOnlyForDeploymentPostprocessing = 0;
		};
/* End PBXSourcesBuildPhase section */

/* Begin XCBuildConfiguration section */
		A73275942951AD2A001173C9 /* Debug */ = {
			isa = XCBuildConfiguration;
			buildSettings = {
				ALWAYS_SEARCH_USER_PATHS = NO;
				CLANG_ANALYZER_NONNULL = YES;
				CLANG_ANALYZER_NUMBER_OBJECT_CONVERSION = YES_AGGRESSIVE;
				CLANG_CXX_LANGUAGE_STANDARD = "gnu++20";
				CLANG_ENABLE_MODULES = YES;
				CLANG_ENABLE_OBJC_ARC = YES;
				CLANG_ENABLE_OBJC_WEAK = YES;
				CLANG_WARN_BLOCK_CAPTURE_AUTORELEASING = YES;
				CLANG_WARN_BOOL_CONVERSION = YES;
				CLANG_WARN_COMMA = YES;
				CLANG_WARN_CONSTANT_CONVERSION = YES;
				CLANG_WARN_DEPRECATED_OBJC_IMPLEMENTATIONS = YES;
				CLANG_WARN_DIRECT_OBJC_ISA_USAGE = YES_ERROR;
				CLANG_WARN_DOCUMENTATION_COMMENTS = YES;
				CLANG_WARN_EMPTY_BODY = YES;
				CLANG_WARN_ENUM_CONVERSION = YES;
				CLANG_WARN_INFINITE_RECURSION = YES;
				CLANG_WARN_INT_CONVERSION = YES;
				CLANG_WARN_NON_LITERAL_NULL_CONVERSION = YES;
				CLANG_WARN_OBJC_IMPLICIT_RETAIN_SELF = YES;
				CLANG_WARN_OBJC_LITERAL_CONVERSION = YES;
				CLANG_WARN_OBJC_ROOT_CLASS = YES_ERROR;
				CLANG_WARN_QUOTED_INCLUDE_IN_FRAMEWORK_HEADER = YES;
				CLANG_WARN_RANGE_LOOP_ANALYSIS = YES;
				CLANG_WARN_STRICT_PROTOTYPES = YES;
				CLANG_WARN_SUSPICIOUS_MOVE = YES;
				CLANG_WARN_UNGUARDED_AVAILABILITY = YES_AGGRESSIVE;
				CLANG_WARN_UNREACHABLE_CODE = YES;
				CLANG_WARN__DUPLICATE_METHOD_MATCH = YES;
				COPY_PHASE_STRIP = NO;
				DEBUG_INFORMATION_FORMAT = dwarf;
				ENABLE_STRICT_OBJC_MSGSEND = YES;
				ENABLE_TESTABILITY = YES;
				GCC_C_LANGUAGE_STANDARD = gnu11;
				GCC_DYNAMIC_NO_PIC = NO;
				GCC_NO_COMMON_BLOCKS = YES;
				GCC_OPTIMIZATION_LEVEL = 0;
				GCC_PREPROCESSOR_DEFINITIONS = (
					"DEBUG=1",
					"$(inherited)",
				);
				GCC_WARN_64_TO_32_BIT_CONVERSION = YES;
				GCC_WARN_ABOUT_RETURN_TYPE = YES_ERROR;
				GCC_WARN_UNDECLARED_SELECTOR = YES;
				GCC_WARN_UNINITIALIZED_AUTOS = YES_AGGRESSIVE;
				GCC_WARN_UNUSED_FUNCTION = YES;
				GCC_WARN_UNUSED_VARIABLE = YES;
				IPHONEOS_DEPLOYMENT_TARGET = 16.0;
				MTL_ENABLE_DEBUG_INFO = INCLUDE_SOURCE;
				MTL_FAST_MATH = YES;
				ONLY_ACTIVE_ARCH = YES;
				SDKROOT = iphoneos;
				SWIFT_ACTIVE_COMPILATION_CONDITIONS = DEBUG;
				SWIFT_OPTIMIZATION_LEVEL = "-Onone";
			};
			name = Debug;
		};
		A73275952951AD2A001173C9 /* Release */ = {
			isa = XCBuildConfiguration;
			buildSettings = {
				ALWAYS_SEARCH_USER_PATHS = NO;
				CLANG_ANALYZER_NONNULL = YES;
				CLANG_ANALYZER_NUMBER_OBJECT_CONVERSION = YES_AGGRESSIVE;
				CLANG_CXX_LANGUAGE_STANDARD = "gnu++20";
				CLANG_ENABLE_MODULES = YES;
				CLANG_ENABLE_OBJC_ARC = YES;
				CLANG_ENABLE_OBJC_WEAK = YES;
				CLANG_WARN_BLOCK_CAPTURE_AUTORELEASING = YES;
				CLANG_WARN_BOOL_CONVERSION = YES;
				CLANG_WARN_COMMA = YES;
				CLANG_WARN_CONSTANT_CONVERSION = YES;
				CLANG_WARN_DEPRECATED_OBJC_IMPLEMENTATIONS = YES;
				CLANG_WARN_DIRECT_OBJC_ISA_USAGE = YES_ERROR;
				CLANG_WARN_DOCUMENTATION_COMMENTS = YES;
				CLANG_WARN_EMPTY_BODY = YES;
				CLANG_WARN_ENUM_CONVERSION = YES;
				CLANG_WARN_INFINITE_RECURSION = YES;
				CLANG_WARN_INT_CONVERSION = YES;
				CLANG_WARN_NON_LITERAL_NULL_CONVERSION = YES;
				CLANG_WARN_OBJC_IMPLICIT_RETAIN_SELF = YES;
				CLANG_WARN_OBJC_LITERAL_CONVERSION = YES;
				CLANG_WARN_OBJC_ROOT_CLASS = YES_ERROR;
				CLANG_WARN_QUOTED_INCLUDE_IN_FRAMEWORK_HEADER = YES;
				CLANG_WARN_RANGE_LOOP_ANALYSIS = YES;
				CLANG_WARN_STRICT_PROTOTYPES = YES;
				CLANG_WARN_SUSPICIOUS_MOVE = YES;
				CLANG_WARN_UNGUARDED_AVAILABILITY = YES_AGGRESSIVE;
				CLANG_WARN_UNREACHABLE_CODE = YES;
				CLANG_WARN__DUPLICATE_METHOD_MATCH = YES;
				COPY_PHASE_STRIP = NO;
				DEBUG_INFORMATION_FORMAT = "dwarf-with-dsym";
				ENABLE_NS_ASSERTIONS = NO;
				ENABLE_STRICT_OBJC_MSGSEND = YES;
				GCC_C_LANGUAGE_STANDARD = gnu11;
				GCC_NO_COMMON_BLOCKS = YES;
				GCC_WARN_64_TO_32_BIT_CONVERSION = YES;
				GCC_WARN_ABOUT_RETURN_TYPE = YES_ERROR;
				GCC_WARN_UNDECLARED_SELECTOR = YES;
				GCC_WARN_UNINITIALIZED_AUTOS = YES_AGGRESSIVE;
				GCC_WARN_UNUSED_FUNCTION = YES;
				GCC_WARN_UNUSED_VARIABLE = YES;
				IPHONEOS_DEPLOYMENT_TARGET = 16.0;
				MTL_ENABLE_DEBUG_INFO = NO;
				MTL_FAST_MATH = YES;
				SDKROOT = iphoneos;
				SWIFT_COMPILATION_MODE = wholemodule;
				SWIFT_OPTIMIZATION_LEVEL = "-O";
				VALIDATE_PRODUCT = YES;
			};
			name = Release;
		};
		A73275972951AD2A001173C9 /* Debug */ = {
			isa = XCBuildConfiguration;
			buildSettings = {
				ASSETCATALOG_COMPILER_APPICON_NAME = AppIcon;
				ASSETCATALOG_COMPILER_GLOBAL_ACCENT_COLOR_NAME = AccentColor;
				CODE_SIGN_STYLE = Automatic;
				CURRENT_PROJECT_VERSION = 1;
				DEVELOPMENT_ASSET_PATHS = "\"DemoSwiftUi/Preview Content\"";
				ENABLE_PREVIEWS = YES;
				GENERATE_INFOPLIST_FILE = YES;
				INFOPLIST_KEY_UIApplicationSceneManifest_Generation = YES;
				INFOPLIST_KEY_UIApplicationSupportsIndirectInputEvents = YES;
				INFOPLIST_KEY_UILaunchScreen_Generation = YES;
				INFOPLIST_KEY_UISupportedInterfaceOrientations_iPad = "UIInterfaceOrientationPortrait UIInterfaceOrientationPortraitUpsideDown UIInterfaceOrientationLandscapeLeft UIInterfaceOrientationLandscapeRight";
				INFOPLIST_KEY_UISupportedInterfaceOrientations_iPhone = "UIInterfaceOrientationPortrait UIInterfaceOrientationLandscapeLeft UIInterfaceOrientationLandscapeRight";
				LD_RUNPATH_SEARCH_PATHS = (
					"$(inherited)",
					"@executable_path/Frameworks",
				);
				MARKETING_VERSION = 1.0;
				PRODUCT_BUNDLE_IDENTIFIER = com.test.DemoSwiftUi;
				PRODUCT_NAME = "$(TARGET_NAME)";
				SWIFT_EMIT_LOC_STRINGS = YES;
				SWIFT_VERSION = 5.0;
				TARGETED_DEVICE_FAMILY = "1,2";
			};
			name = Debug;
		};
		A73275982951AD2A001173C9 /* Release */ = {
			isa = XCBuildConfiguration;
			buildSettings = {
				ASSETCATALOG_COMPILER_APPICON_NAME = AppIcon;
				ASSETCATALOG_COMPILER_GLOBAL_ACCENT_COLOR_NAME = AccentColor;
				CODE_SIGN_STYLE = Automatic;
				CURRENT_PROJECT_VERSION = 1;
				DEVELOPMENT_ASSET_PATHS = "\"DemoSwiftUi/Preview Content\"";
				ENABLE_PREVIEWS = YES;
				GENERATE_INFOPLIST_FILE = YES;
				INFOPLIST_KEY_UIApplicationSceneManifest_Generation = YES;
				INFOPLIST_KEY_UIApplicationSupportsIndirectInputEvents = YES;
				INFOPLIST_KEY_UILaunchScreen_Generation = YES;
				INFOPLIST_KEY_UISupportedInterfaceOrientations_iPad = "UIInterfaceOrientationPortrait UIInterfaceOrientationPortraitUpsideDown UIInterfaceOrientationLandscapeLeft UIInterfaceOrientationLandscapeRight";
				INFOPLIST_KEY_UISupportedInterfaceOrientations_iPhone = "UIInterfaceOrientationPortrait UIInterfaceOrientationLandscapeLeft UIInterfaceOrientationLandscapeRight";
				LD_RUNPATH_SEARCH_PATHS = (
					"$(inherited)",
					"@executable_path/Frameworks",
				);
				MARKETING_VERSION = 1.0;
				PRODUCT_BUNDLE_IDENTIFIER = com.test.DemoSwiftUi;
				PRODUCT_NAME = "$(TARGET_NAME)";
				SWIFT_EMIT_LOC_STRINGS = YES;
				SWIFT_VERSION = 5.0;
				TARGETED_DEVICE_FAMILY = "1,2";
			};
			name = Release;
		};
/* End XCBuildConfiguration section */

/* Begin XCConfigurationList section */
		A73275832951AD29001173C9 /* Build configuration list for PBXProject "DemoSwiftUi" */ = {
			isa = XCConfigurationList;
			buildConfigurations = (
				A73275942951AD2A001173C9 /* Debug */,
				A73275952951AD2A001173C9 /* Release */,
			);
			defaultConfigurationIsVisible = 0;
			defaultConfigurationName = Release;
		};
		A73275962951AD2A001173C9 /* Build configuration list for PBXNativeTarget "DemoSwiftUi" */ = {
			isa = XCConfigurationList;
			buildConfigurations = (
				A73275972951AD2A001173C9 /* Debug */,
				A73275982951AD2A001173C9 /* Release */,
			);
			defaultConfigurationIsVisible = 0;
			defaultConfigurationName = Release;
		};
/* End XCConfigurationList section */
	};
	rootObject = A73275802951AD29001173C9 /* Project object */;
}
